
Microsoft Visual Studio Solution File, Format Version 12.00
# Visual Studio Version 16
VisualStudioVersion = 16.0.31624.102
MinimumVisualStudioVersion = 10.0.40219.1
Project("{FAE04EC0-301F-11D3-BF4B-00C04F79EFBC}") = "APS_PaintPatterns", "APS_PaintPatterns\APS_PaintPatterns.csproj", "{7EFF57C7-58A2-46B5-8CB7-0B0032573B94}"
EndProject
Global
	GlobalSection(SolutionConfigurationPlatforms) = preSolution
		Debug|Any CPU = Debug|Any CPU
		Release|Any CPU = Release|Any CPU
	EndGlobalSection
	GlobalSection(ProjectConfigurationPlatforms) = postSolution
		{7EFF57C7-58A2-46B5-8CB7-0B0032573B94}.Debug|Any CPU.ActiveCfg = Debug|Any CPU
		{7EFF57C7-58A2-46B5-8CB7-0B0032573B94}.Debug|Any CPU.Build.0 = Debug|Any CPU
		{7EFF57C7-58A2-46B5-8CB7-0B0032573B94}.Release|Any CPU.ActiveCfg = Release|Any CPU
		{7EFF57C7-58A2-46B5-8CB7-0B0032573B94}.Release|Any CPU.Build.0 = Release|Any CPU
	EndGlobalSection
	GlobalSection(SolutionProperties) = preSolution
		HideSolutionNode = FALSE
	EndGlobalSection
	GlobalSection(ExtensibilityGlobals) = postSolution
		SolutionGuid = {4819D63C-3358-45FE-AC6D-3275BB8FB79C}
	EndGlobalSection
EndGlobal
